{
  "nodes": {
    "advisory-db": {
      "flake": false,
      "locked": {
        "lastModified": 1719411196,
        "narHash": "sha256-EdryZFXPjkK2F2J1re/bOl2oezKAB7dpFNi9mLUygmI=",
        "owner": "rustsec",
        "repo": "advisory-db",
        "rev": "34f191da603f67b491a2e12af0b93c9c794ae1d1",
        "type": "github"
      },
      "original": {
        "owner": "rustsec",
        "repo": "advisory-db",
        "type": "github"
      }
    },
    "crane": {
      "inputs": {
        "nixpkgs": "nixpkgs"
      },
      "locked": {
        "lastModified": 1719249093,
        "narHash": "sha256-0q1haa3sw6GbmJ+WhogMnducZGjEaCa/iR6hF2vq80I=",
        "owner": "ipetkov",
        "repo": "crane",
        "rev": "9791c77eb7e98b8d8ac5b0305d47282f994411ca",
        "type": "github"
      },
      "original": {
        "owner": "ipetkov",
        "repo": "crane",
        "type": "github"
      }
    },
    "flake-parts": {
      "inputs": {
        "nixpkgs-lib": "nixpkgs-lib"
      },
      "locked": {
        "lastModified": 1715865404,
        "narHash": "sha256-/GJvTdTpuDjNn84j82cU6bXztE0MSkdnTWClUCRub78=",
        "path": "/nix/store/aqnklsijb47x7z816nci9zqg8rjv0wnb-source",
        "rev": "8dc45382d5206bd292f9c2768b8058a8fd8311d9",
        "type": "path"
      },
      "original": {
        "id": "flake-parts",
        "type": "indirect"
      }
    },
    "nixpkgs": {
      "locked": {
        "lastModified": 1718543737,
        "narHash": "sha256-e8S/ODM1vkKHIexSVn9nIvne7vRO5M+35VAq/6JOYto=",
        "owner": "NixOS",
        "repo": "nixpkgs",
        "rev": "683aa7c4e385509ca651d49eeb35e58c7a1baad6",
        "type": "github"
      },
      "original": {
        "owner": "NixOS",
        "ref": "nixpkgs-unstable",
        "repo": "nixpkgs",
        "type": "github"
      }
    },
    "nixpkgs-lib": {
      "locked": {
        "lastModified": 1714640452,
        "narHash": "sha256-QBx10+k6JWz6u7VsohfSw8g8hjdBZEf8CFzXH1/1Z94=",
        "type": "tarball",
        "url": "https://github.com/NixOS/nixpkgs/archive/50eb7ecf4cd0a5756d7275c8ba36790e5bd53e33.tar.gz"
      },
      "original": {
        "type": "tarball",
        "url": "https://github.com/NixOS/nixpkgs/archive/50eb7ecf4cd0a5756d7275c8ba36790e5bd53e33.tar.gz"
      }
    },
    "nixpkgs_2": {
      "locked": {
        "lastModified": 1719437298,
        "narHash": "sha256-givDuvCzwfxpaAifowIoxmYwu/DcDTSkRaRFOFkSskE=",
        "owner": "NixOS",
        "repo": "nixpkgs",
        "rev": "58dcfb86062d31015f504b2fc4b686193e5a4836",
        "type": "github"
      },
      "original": {
        "owner": "NixOS",
        "ref": "master",
        "repo": "nixpkgs",
        "type": "github"
      }
    },
    "nixpkgs_3": {
      "locked": {
        "lastModified": 1718428119,
        "narHash": "sha256-WdWDpNaq6u1IPtxtYHHWpl5BmabtpmLnMAx0RdJ/vo8=",
        "owner": "NixOS",
        "repo": "nixpkgs",
        "rev": "e6cea36f83499eb4e9cd184c8a8e823296b50ad5",
        "type": "github"
      },
      "original": {
        "owner": "NixOS",
        "ref": "nixpkgs-unstable",
        "repo": "nixpkgs",
        "type": "github"
      }
    },
    "root": {
      "inputs": {
        "advisory-db": "advisory-db",
        "crane": "crane",
        "flake-parts": "flake-parts",
        "nixpkgs": "nixpkgs_2",
        "rust-overlay": "rust-overlay",
        "systems": "systems"
      }
    },
    "rust-overlay": {
      "inputs": {
        "nixpkgs": "nixpkgs_3"
      },
      "locked": {
        "lastModified": 1719368303,
        "narHash": "sha256-vhkKOUs9eOZgcPrA6wMw7a7J48pEjVuhzQfitVwVv1g=",
        "owner": "oxalica",
        "repo": "rust-overlay",
        "rev": "32415b22fd3b454e4a1385af64aa5cef9766ff4c",
        "type": "github"
      },
      "original": {
        "owner": "oxalica",
        "repo": "rust-overlay",
        "type": "github"
      }
    },
    "systems": {
      "locked": {
        "lastModified": 1681028828,
        "narHash": "sha256-Vy1rq5AaRuLzOxct8nz4T6wlgyUR7zLU309k9mBC768=",
        "owner": "nix-systems",
        "repo": "default",
        "rev": "da67096a3b9bf56a91d16901293e51ba5b49a27e",
        "type": "github"
      },
      "original": {
        "owner": "nix-systems",
        "repo": "default",
        "type": "github"
      }
    }
  },
  "root": "root",
  "version": 7
}
