{
  "nodes": {
    "agenix": {
      "inputs": {
        "darwin": "darwin",
        "nixpkgs": [
          "nixpkgs"
        ]
      },
      "locked": {
        "lastModified": 1677969766,
        "narHash": "sha256-AIp/ZYZMNLDZR/H7iiAlaGpu4lcXsVt9JQpBlf43HRY=",
        "owner": "ryantm",
        "repo": "agenix",
        "rev": "03b51fe8e459a946c4b88dcfb6446e45efb2c24e",
        "type": "github"
      },
      "original": {
        "owner": "ryantm",
        "repo": "agenix",
        "type": "github"
      }
    },
    "base16": {
      "inputs": {
        "nixpkgs": [
          "nixpkgs"
        ]
      },
      "locked": {
        "lastModified": 1643595475,
        "narHash": "sha256-jWCp0r5BC7U3rKy7RmL6YPhtUrQmfsZoFH5+xb+wDZ8=",
        "owner": "shaunsingh",
        "repo": "base16.nix",
        "rev": "3d21c5c21cc2de27b0f29d6d5aa2693505508d9e",
        "type": "github"
      },
      "original": {
        "owner": "shaunsingh",
        "repo": "base16.nix",
        "type": "github"
      }
    },
    "base16-oxocarbon": {
      "flake": false,
      "locked": {
        "lastModified": 1678827893,
        "narHash": "sha256-AU7Yb9/RpK8IYJCeln4mvTEj9meaCeMe9eGHMRqVh9A=",
        "owner": "shaunsingh",
        "repo": "base16-oxocarbon",
        "rev": "1145d41d0d17d31ae97c59173bd4793c869afcd4",
        "type": "github"
      },
      "original": {
        "owner": "shaunsingh",
        "repo": "base16-oxocarbon",
        "type": "github"
      }
    },
    "darwin": {
      "inputs": {
        "nixpkgs": [
          "agenix",
          "nixpkgs"
        ]
      },
      "locked": {
        "lastModified": 1673295039,
        "narHash": "sha256-AsdYgE8/GPwcelGgrntlijMg4t3hLFJFCRF3tL5WVjA=",
        "owner": "lnl7",
        "repo": "nix-darwin",
        "rev": "87b9d090ad39b25b2400029c64825fc2a8868943",
        "type": "github"
      },
      "original": {
        "owner": "lnl7",
        "ref": "master",
        "repo": "nix-darwin",
        "type": "github"
      }
    },
    "home-manager": {
      "inputs": {
        "nixpkgs": [
          "nixpkgs"
        ],
        "utils": "utils"
      },
      "locked": {
        "lastModified": 1680213625,
        "narHash": "sha256-vpDMDK9wH8YHpleKwxqIpXYLpWyO/0JKrkuBVWaDenk=",
        "owner": "rycee",
        "repo": "home-manager",
        "rev": "d3fd3b9d697697563905575665de129938a213a0",
        "type": "github"
      },
      "original": {
        "owner": "rycee",
        "ref": "master",
        "repo": "home-manager",
        "type": "github"
      }
    },
    "nixos-hardware": {
      "locked": {
        "lastModified": 1680070330,
        "narHash": "sha256-aoT2YZCd9LEtiEULFLIF0ykKydgE72X8gw/k9/pRS5I=",
        "owner": "nixos",
        "repo": "nixos-hardware",
        "rev": "a6aa8174fa61e55bd7e62d35464d3092aefe0421",
        "type": "github"
      },
      "original": {
        "owner": "nixos",
        "repo": "nixos-hardware",
        "type": "github"
      }
    },
    "nixpkgs": {
      "locked": {
        "lastModified": 1680125544,
        "narHash": "sha256-mlqo1r+TZUOuypWdrZHluxWL+E5WzXlUXNZ9Y0WLDFU=",
        "owner": "NixOS",
        "repo": "nixpkgs",
        "rev": "9a6aabc4740790ef3bbb246b86d029ccf6759658",
        "type": "github"
      },
      "original": {
        "id": "nixpkgs",
        "ref": "nixos-unstable",
        "type": "indirect"
      }
    },
    "nixpkgs-unstable": {
      "locked": {
        "lastModified": 1680182246,
        "narHash": "sha256-2WEHGApYCVt7bCm/0Ws8qYnp5Jn0mRgZ91tkoN+HrcY=",
        "owner": "NixOS",
        "repo": "nixpkgs",
        "rev": "b7fc729117a70d0df9e9adfc624662148e32ca0a",
        "type": "github"
      },
      "original": {
        "id": "nixpkgs",
        "ref": "nixpkgs-unstable",
        "type": "indirect"
      }
    },
    "nur": {
      "locked": {
        "lastModified": 1679003164,
        "narHash": "sha256-l2yHrwsBrvMqmVEJBgU4nzBVpmj1os9Vxedv0tboc90=",
        "path": "/nix/store/cxmbj57cxkqyblr7ha9k1zryv94nkbpp-source",
        "rev": "5a1b6ac5774abca67908c44245d653cde64d65d2",
        "type": "path"
      },
      "original": {
        "id": "nur",
        "type": "indirect"
      }
    },
    "nx-dark-reader-src": {
      "flake": false,
      "locked": {
        "lastModified": 1660161944,
        "narHash": "sha256-ydNt27chashzNSK6q56Aaf4C4WQgJM6fUqV/qvYH0UU=",
        "owner": "aartaka",
        "repo": "nx-dark-reader",
        "rev": "d9b7cb1cf1f343e775c71d4cb140b630b0123da7",
        "type": "github"
      },
      "original": {
        "owner": "aartaka",
        "repo": "nx-dark-reader",
        "type": "github"
      }
    },
    "nx-kaomoji-src": {
      "flake": false,
      "locked": {
        "lastModified": 1674052597,
        "narHash": "sha256-PQTWQ4KRD9uaIXtSJyBAaknsk+xx5n5+LYoFnED3dAI=",
        "owner": "aartaka",
        "repo": "nx-kaomoji",
        "rev": "28534eb5ee161501570ee4b5c72e4c8d005c0d25",
        "type": "github"
      },
      "original": {
        "owner": "aartaka",
        "repo": "nx-kaomoji",
        "type": "github"
      }
    },
    "nx-notmuch-src": {
      "flake": false,
      "locked": {
        "lastModified": 1631409193,
        "narHash": "sha256-q0JQT6kD6txDBvlvWUwzYFiNfmxZIZFB7ztMlr208Pw=",
        "owner": "igoralmeida",
        "repo": "nx-notmuch",
        "rev": "cef9ba31e180d57c80983978c940a03765afb9fe",
        "type": "github"
      },
      "original": {
        "owner": "igoralmeida",
        "repo": "nx-notmuch",
        "type": "github"
      }
    },
    "nx-search-engines-src": {
      "flake": false,
      "locked": {
        "lastModified": 1666168085,
        "narHash": "sha256-ldmM56SOuCofmXy4LBwirFBqu80trTzpni9fKpJSsOE=",
        "owner": "aartaka",
        "repo": "nx-search-engines",
        "rev": "887780bcd98506064e987f78762b12ab07bff297",
        "type": "github"
      },
      "original": {
        "owner": "aartaka",
        "repo": "nx-search-engines",
        "type": "github"
      }
    },
    "root": {
      "inputs": {
        "agenix": "agenix",
        "base16": "base16",
        "base16-oxocarbon": "base16-oxocarbon",
        "home-manager": "home-manager",
        "nixos-hardware": "nixos-hardware",
        "nixpkgs": "nixpkgs",
        "nixpkgs-unstable": "nixpkgs-unstable",
        "nur": "nur",
        "nx-dark-reader-src": "nx-dark-reader-src",
        "nx-kaomoji-src": "nx-kaomoji-src",
        "nx-notmuch-src": "nx-notmuch-src",
        "nx-search-engines-src": "nx-search-engines-src"
      }
    },
    "utils": {
      "locked": {
        "lastModified": 1676283394,
        "narHash": "sha256-XX2f9c3iySLCw54rJ/CZs+ZK6IQy7GXNY4nSOyu2QG4=",
        "owner": "numtide",
        "repo": "flake-utils",
        "rev": "3db36a8b464d0c4532ba1c7dda728f4576d6d073",
        "type": "github"
      },
      "original": {
        "owner": "numtide",
        "repo": "flake-utils",
        "type": "github"
      }
    }
  },
  "root": "root",
  "version": 7
}
